
Microsoft Visual Studio Solution File, Format Version 12.00
# Visual Studio Version 16
VisualStudioVersion = 16.0.31702.278
MinimumVisualStudioVersion = 10.0.40219.1
Project("{FAE04EC0-301F-11D3-BF4B-00C04F79EFBC}") = "DotNet_KiHe", "DotNet_KiHe\DotNet_KiHe.csproj", "{FF75F23B-6559-46D3-8982-3A8AB5C5D6E3}"
EndProject
Global
	GlobalSection(SolutionConfigurationPlatforms) = preSolution
		Debug|Any CPU = Debug|Any CPU
		Release|Any CPU = Release|Any CPU
	EndGlobalSection
	GlobalSection(ProjectConfigurationPlatforms) = postSolution
		{FF75F23B-6559-46D3-8982-3A8AB5C5D6E3}.Debug|Any CPU.ActiveCfg = Debug|Any CPU
		{FF75F23B-6559-46D3-8982-3A8AB5C5D6E3}.Debug|Any CPU.Build.0 = Debug|Any CPU
		{FF75F23B-6559-46D3-8982-3A8AB5C5D6E3}.Release|Any CPU.ActiveCfg = Release|Any CPU
		{FF75F23B-6559-46D3-8982-3A8AB5C5D6E3}.Release|Any CPU.Build.0 = Release|Any CPU
	EndGlobalSection
	GlobalSection(SolutionProperties) = preSolution
		HideSolutionNode = FALSE
	EndGlobalSection
	GlobalSection(ExtensibilityGlobals) = postSolution
		SolutionGuid = {ED209512-C541-453C-B9EB-3822C5D2D92E}
	EndGlobalSection
EndGlobal
